
Microsoft Visual Studio Solution File, Format Version 12.00
# Visual Studio Version 17
VisualStudioVersion = 17.13.36105.23 d17.13
MinimumVisualStudioVersion = 10.0.40219.1
Project("{FAE04EC0-301F-11D3-BF4B-00C04F79EFBC}") = "LojaSeuManoelApi", "LojaSeuManoelApi.csproj", "{56217257-E3AA-4EDB-B019-9FB06980A014}"
EndProject
Global
	GlobalSection(SolutionConfigurationPlatforms) = preSolution
		Debug|Any CPU = Debug|Any CPU
		Release|Any CPU = Release|Any CPU
	EndGlobalSection
	GlobalSection(ProjectConfigurationPlatforms) = postSolution
		{56217257-E3AA-4EDB-B019-9FB06980A014}.Debug|Any CPU.ActiveCfg = Debug|Any CPU
		{56217257-E3AA-4EDB-B019-9FB06980A014}.Debug|Any CPU.Build.0 = Debug|Any CPU
		{56217257-E3AA-4EDB-B019-9FB06980A014}.Release|Any CPU.ActiveCfg = Release|Any CPU
		{56217257-E3AA-4EDB-B019-9FB06980A014}.Release|Any CPU.Build.0 = Release|Any CPU
	EndGlobalSection
	GlobalSection(SolutionProperties) = preSolution
		HideSolutionNode = FALSE
	EndGlobalSection
	GlobalSection(ExtensibilityGlobals) = postSolution
		SolutionGuid = {7066FC9A-5324-4562-BD9B-5F2900F8BA95}
	EndGlobalSection
EndGlobal
